
Microsoft Visual Studio Solution File, Format Version 12.00
# Visual Studio Version 16
VisualStudioVersion = 16.0.31410.357
MinimumVisualStudioVersion = 10.0.40219.1
Project("{FAE04EC0-301F-11D3-BF4B-00C04F79EFBC}") = "Pomodoro Windows", "Pomodoro Windows.csproj", "{DAB5618D-09DA-47D5-B1C8-5165CB8E3107}"
EndProject
Project("{54435603-DBB4-11D2-8724-00A0C9A8B90C}") = "Pomodoro", "..\Pomodoro\Pomodoro.vdproj", "{0FC10F0D-4709-4077-B168-8E5A4B3B6947}"
EndProject
Global
	GlobalSection(SolutionConfigurationPlatforms) = preSolution
		Debug|Any CPU = Debug|Any CPU
		Release|Any CPU = Release|Any CPU
	EndGlobalSection
	GlobalSection(ProjectConfigurationPlatforms) = postSolution
		{DAB5618D-09DA-47D5-B1C8-5165CB8E3107}.Debug|Any CPU.ActiveCfg = Release|Any CPU
		{DAB5618D-09DA-47D5-B1C8-5165CB8E3107}.Debug|Any CPU.Build.0 = Release|Any CPU
		{DAB5618D-09DA-47D5-B1C8-5165CB8E3107}.Release|Any CPU.ActiveCfg = Release|Any CPU
		{DAB5618D-09DA-47D5-B1C8-5165CB8E3107}.Release|Any CPU.Build.0 = Release|Any CPU
		{0FC10F0D-4709-4077-B168-8E5A4B3B6947}.Debug|Any CPU.ActiveCfg = Release
		{0FC10F0D-4709-4077-B168-8E5A4B3B6947}.Release|Any CPU.ActiveCfg = Release
	EndGlobalSection
	GlobalSection(SolutionProperties) = preSolution
		HideSolutionNode = FALSE
	EndGlobalSection
	GlobalSection(ExtensibilityGlobals) = postSolution
		SolutionGuid = {C8FC4134-D785-4E40-9976-D3316B20A5DD}
	EndGlobalSection
EndGlobal
